
Microsoft Visual Studio Solution File, Format Version 12.00
# Visual Studio Version 16
VisualStudioVersion = 16.0.31515.178
MinimumVisualStudioVersion = 10.0.40219.1
Project("{9A19103F-16F7-4668-BE54-9A1E7A4F7556}") = "TopansBookStore", "TopansBookStore.csproj", "{5D2ED390-C75F-4586-84E3-8593ABC45924}"
EndProject
Project("{FAE04EC0-301F-11D3-BF4B-00C04F79EFBC}") = "TopansBooks.DataAccess", "..\TopansBooks.DataAccess\TopansBooks.DataAccess.csproj", "{7587B2A4-881F-40BD-80AC-25FBFA53CE6E}"
EndProject
Project("{FAE04EC0-301F-11D3-BF4B-00C04F79EFBC}") = "TopansBooks.Models", "..\TopansBooks.Models\TopansBooks.Models.csproj", "{47F4F573-27F7-40C1-AC2B-2BF1B977A370}"
EndProject
Project("{FAE04EC0-301F-11D3-BF4B-00C04F79EFBC}") = "TopansBooks.Utility", "..\TopansBooks.Utility\TopansBooks.Utility.csproj", "{6D439DED-EB60-488B-8E3C-A17ABC2C7770}"
EndProject
Global
	GlobalSection(SolutionConfigurationPlatforms) = preSolution
		Debug|Any CPU = Debug|Any CPU
		Release|Any CPU = Release|Any CPU
	EndGlobalSection
	GlobalSection(ProjectConfigurationPlatforms) = postSolution
		{5D2ED390-C75F-4586-84E3-8593ABC45924}.Debug|Any CPU.ActiveCfg = Debug|Any CPU
		{5D2ED390-C75F-4586-84E3-8593ABC45924}.Debug|Any CPU.Build.0 = Debug|Any CPU
		{5D2ED390-C75F-4586-84E3-8593ABC45924}.Release|Any CPU.ActiveCfg = Release|Any CPU
		{5D2ED390-C75F-4586-84E3-8593ABC45924}.Release|Any CPU.Build.0 = Release|Any CPU
		{7587B2A4-881F-40BD-80AC-25FBFA53CE6E}.Debug|Any CPU.ActiveCfg = Debug|Any CPU
		{7587B2A4-881F-40BD-80AC-25FBFA53CE6E}.Debug|Any CPU.Build.0 = Debug|Any CPU
		{7587B2A4-881F-40BD-80AC-25FBFA53CE6E}.Release|Any CPU.ActiveCfg = Release|Any CPU
		{7587B2A4-881F-40BD-80AC-25FBFA53CE6E}.Release|Any CPU.Build.0 = Release|Any CPU
		{47F4F573-27F7-40C1-AC2B-2BF1B977A370}.Debug|Any CPU.ActiveCfg = Debug|Any CPU
		{47F4F573-27F7-40C1-AC2B-2BF1B977A370}.Debug|Any CPU.Build.0 = Debug|Any CPU
		{47F4F573-27F7-40C1-AC2B-2BF1B977A370}.Release|Any CPU.ActiveCfg = Release|Any CPU
		{47F4F573-27F7-40C1-AC2B-2BF1B977A370}.Release|Any CPU.Build.0 = Release|Any CPU
		{6D439DED-EB60-488B-8E3C-A17ABC2C7770}.Debug|Any CPU.ActiveCfg = Debug|Any CPU
		{6D439DED-EB60-488B-8E3C-A17ABC2C7770}.Debug|Any CPU.Build.0 = Debug|Any CPU
		{6D439DED-EB60-488B-8E3C-A17ABC2C7770}.Release|Any CPU.ActiveCfg = Release|Any CPU
		{6D439DED-EB60-488B-8E3C-A17ABC2C7770}.Release|Any CPU.Build.0 = Release|Any CPU
	EndGlobalSection
	GlobalSection(SolutionProperties) = preSolution
		HideSolutionNode = FALSE
	EndGlobalSection
	GlobalSection(ExtensibilityGlobals) = postSolution
		SolutionGuid = {5E98E090-74D3-4BF4-8979-85A5422CB2AC}
	EndGlobalSection
EndGlobal
